github.com/fatih/color v1.18.0 h1:S8gINlzdQ840/4pfAwic/ZE0djQEH3wM94VfqLTZcOM=
github.com/fatih/color v1.18.0/go.mod h1:4FelSpRwEGDpQ12mAdzqdOukCy4u8WUtOY6lkT/6HfU=
github.com/fbaube/contentanalysis v0.0.0-20240922163721-6efac0cb86da h1:v6qz3XloRIkYr4z2PrbGfG1JtIrlkFGwhofuC9rbywk=
github.com/fbaube/contentanalysis v0.0.0-20240922163721-6efac0cb86da/go.mod h1:PJHYIs3tlUbfOkkFxp0yZ4kooaCpSt5ZOPaPtop/y7c=
github.com/fbaube/ctoken v0.0.0-20250202175820-4a3ade2fbe7c h1:CW59NxVcufEIOMVTJK+K6TP09JoF2bBSRWKQkbMFVx0=
github.com/fbaube/ctoken v0.0.0-20250202175820-4a3ade2fbe7c/go.mod h1:+lvrpVCRvrEUgNq+6Dw+Ni2slNMjfxLnmyofOwxO37k=
github.com/fbaube/dsmnd v0.0.0-20250305202727-066656bb5c6a h1:Ga5+MjNXpy2oZ5Yhf74mrHrBZDfIJYFVlbAXXhQNLVc=
github.com/fbaube/dsmnd v0.0.0-20250305202727-066656bb5c6a/go.mod h1:YVvG9X9nrUoOtk9DEkyyk6/0vdfNcDYHNWgBwGHbcUE=
github.com/fbaube/gtoken v0.0.0-20230421173215-d97b8767dfae h1:bd0XuJw79xcOKSj9DmxXKhM8ME3gYVl7GuYGA9yIs+s=
github.com/fbaube/gtoken v0.0.0-20230421173215-d97b8767dfae/go.mod h1:L5TPmM5qhEVECO49RCwHxUMIJStcDicDuXPz9VzgyNs=
github.com/fbaube/humanbytes v0.0.0-20250119091546-d58fbfdd444c h1:k6VDhhlL+FI8nrBAwQDoXyPEKN+MuOtSMaDJfzwnA7E=
github.com/fbaube/humanbytes v0.0.0-20250119091546-d58fbfdd444c/go.mod h1:WUS3tn4t+FViNsl4VOqYiV51cJNIIeMjLI9fOfm+Ug8=
github.com/fbaube/logutils v0.0.0-20250316184850-0569e5bc6b6d h1:hH8uBNU6Vasxh9Pf3bzNdA+JFAtckHavpQf+kpmvHC8=
github.com/fbaube/logutils v0.0.0-20250316184850-0569e5bc6b6d/go.mod h1:Ulyk3vIjQ5L/NqJ9wmTMawBjqzAOvCs1jxF5iV3tS1w=
github.com/fbaube/lwdx v0.0.0-20240327195153-e4bf7566f0ba h1:H7JsoiV9LvI5/vKgJm7MwJ2e2hNwCml9NkOdJAR3GKQ=
github.com/fbaube/lwdx v0.0.0-20240327195153-e4bf7566f0ba/go.mod h1:yiFazFp4b87Hx1gX+z+u5N3zdizuuHKaORfkT1l0/sg=
github.com/fbaube/miscutils v0.0.0-20250126181629-6a2fa9af43b7 h1:7EDgdU9hotwYEf5Bx7w4I6SNm/rwOx88siLiD0o+xl8=
github.com/fbaube/miscutils v0.0.0-20250126181629-6a2fa9af43b7/go.mod h1:v32q0zwZh3Ft6WFuIdeLPwPgOAIy5h0AAPoJRi9DF6k=
github.com/fbaube/mlog v0.0.0-20240425064535-3b89e3b28a76 h1:C1SjY+GWMR1smUZqspWm52AYfDq30fIjRzmy+ar+a8M=
github.com/fbaube/mlog v0.0.0-20240425064535-3b89e3b28a76/go.mod h1:kmnrjIOIydIQG0XoPcMoQ9XYJmVTt9fOByMvkDiDBTo=
github.com/fbaube/parseutils v0.0.0-20230622205737-06d517672cd1 h1:zxTHiK1PXRAOWYsohCxnarejaL0ezWv5Q+jo62tO2tA=
github.com/fbaube/parseutils v0.0.0-20230622205737-06d517672cd1/go.mod h1:5GHoTWzukrBVQ2Na89gw4SD9ZeR+YgHIiOHqgz7iE34=
github.com/fbaube/stringutils v0.0.0-20250203130909-339670f598f3 h1:VeDGCblQIgVobkxZhqbia0c/69cVAPDAOvPHd0KwFNQ=
github.com/fbaube/stringutils v0.0.0-20250203130909-339670f598f3/go.mod h1:MZuZ4zwqF11rWH4irSvbyLLcc2+Y0H+HtZ+v8fT1/ks=
github.com/fbaube/wasmutils v0.0.0-20250302100751-c3d5b233f416 h1:aAunDb/adVCdAiZ40cUSnDLqjMQkZQF7AgAqbA1PIB0=
github.com/fbaube/wasmutils v0.0.0-20250302100751-c3d5b233f416/go.mod h1:Yv24ab7DbaTunolfMWqQVI0g8yCNFu8y5IHxLbwZ0ZE=
github.com/fbaube/xmlutils v0.0.0-20240425064631-d7c56373bd9a h1:BBUKU9STuOJ20/fWJTvdxROGnKEo9eREMaG/A+cphPk=
github.com/fbaube/xmlutils v0.0.0-20240425064631-d7c56373bd9a/go.mod h1:bSVQqpwp9ObrEdmefz4k1rNzTDzrj+JljsJDuVfkxtM=
github.com/gabriel-vasile/mimetype v1.4.5 h1:J7wGKdGu33ocBOhGy0z653k/lFKLFDPJMG8Gql0kxn4=
github.com/gabriel-vasile/mimetype v1.4.5/go.mod h1:ibHel+/kbxn9x2407k1izTA1S81ku1z/DlgOW2QE0M4=
github.com/mattn/go-colorable v0.1.14 h1:9A9LHSqF/7dyVVX6g0U9cwm9pG3kP9gSzcuIPHPsaIE=
github.com/mattn/go-colorable v0.1.14/go.mod h1:6LmQG8QLFO4G5z1gPvYEzlUgJ2wF+stgPZH1UqBm1s8=
github.com/mattn/go-isatty v0.0.20 h1:xfD0iDuEKnDkl03q4limB+vH+GxLEtL/jb4xVJSWWEY=
github.com/mattn/go-isatty v0.0.20/go.mod h1:W+V8PltTTMOvKvAeJH7IuucS94S2C6jfK/D7dTCTo3Y=
github.com/mgutz/str v1.2.0 h1:4IzWSdIz9qPQWLfKZ0rJcV0jcUDpxvP4JVZ4GXQyvSw=
github.com/mgutz/str v1.2.0/go.mod h1:w1v0ofgLaJdoD0HpQ3fycxKD1WtxpjSo151pK/31q6w=
github.com/nbio/xml v0.0.0-20250325194151-57e639e7ba73 h1:o1HTlXdvQh7de4yww6jhJb+mADPlPLM1TYkPd4VtgDg=
github.com/nbio/xml v0.0.0-20250325194151-57e639e7ba73/go.mod h1:990JnYmJZFrx1vI1TALoD6/fCqnWlTx2FrPbYy2wi5I=
github.com/yuin/goldmark v1.5.4 h1:2uY/xC0roWy8IBEGLgB1ywIoEJFGmRrX21YQcvGZzjU=
github.com/yuin/goldmark v1.5.4/go.mod h1:6yULJ656Px+3vBD8DxQVa3kxgyrAnzto9xy5taEt/CY=
golang.org/x/exp v0.0.0-20250408133849-7e4ce0ab07d0 h1:R84qjqJb5nVJMxqWYb3np9L5ZsaDtB+a39EqjV0JSUM=
golang.org/x/exp v0.0.0-20250408133849-7e4ce0ab07d0/go.mod h1:S9Xr4PYopiDyqSyp5NjCrhFrqg6A5zA2E/iPHPhqnS8=
golang.org/x/net v0.39.0 h1:ZCu7HMWDxpXpaiKdhzIfaltL9Lp31x/3fCP11bc6/fY=
golang.org/x/net v0.39.0/go.mod h1:X7NRbYVEA+ewNkCNyJ513WmMdQ3BineSwVtN2zD/d+E=
golang.org/x/sys v0.6.0/go.mod h1:oPkhp1MJrh7nUepCBck5+mAzfO9JrbApNNgaTdGDITg=
golang.org/x/sys v0.32.0 h1:s77OFDvIQeibCmezSnk/q6iAfkdiQaJi4VzroCFrN20=
golang.org/x/sys v0.32.0/go.mod h1:BJP2sWEmIv4KK5OTEluFJCKSidICx8ciO85XgH3Ak8k=
golang.org/x/tools v0.32.0 h1:Q7N1vhpkQv7ybVzLFtTjvQya2ewbwNDZzUgfXGqtMWU=
golang.org/x/tools v0.32.0/go.mod h1:ZxrU41P/wAbZD8EDa6dDCa6XfpkhJ7HFMjHJXfBDu8s=
gopkg.in/check.v1 v0.0.0-20161208181325-20d25e280405 h1:yhCVgyC4o1eVCa2tZl7eS0r+SDo693bJlVdllGtEeKM=
gopkg.in/check.v1 v0.0.0-20161208181325-20d25e280405/go.mod h1:Co6ibVJAznAaIkqp8huTwlJQCZ016jof/cbN4VW5Yz0=
gopkg.in/yaml.v2 v2.4.0 h1:D8xgwECY7CYvx+Y2n4sBz93Jn9JRvxdiyyo8CTfuKaY=
gopkg.in/yaml.v2 v2.4.0/go.mod h1:RDklbk79AGWmwhnvt/jBztapEOGDOx6ZbXqjP6csGnQ=
